// !$*UTF8*$!
{
	archiveVersion = 1;
	classes = {
	};
	objectVersion = 50;
	objects = {

/* Begin PBXBuildFile section */
		8F6718372558453B00304186 /* CotswoldCastApp.swift in Sources */ = {isa = PBXBuildFile; fileRef = 8F6718362558453B00304186 /* CotswoldCastApp.swift */; };
		8F6718392558453B00304186 /* ContentView.swift in Sources */ = {isa = PBXBuildFile; fileRef = 8F6718382558453B00304186 /* ContentView.swift */; };
		8F67183B2558453C00304186 /* Assets.xcassets in Resources */ = {isa = PBXBuildFile; fileRef = 8F67183A2558453C00304186 /* Assets.xcassets */; };
		8F67183E2558453C00304186 /* Preview Assets.xcassets in Resources */ = {isa = PBXBuildFile; fileRef = 8F67183D2558453C00304186 /* Preview Assets.xcassets */; };
		8F6718492558453C00304186 /* CotswoldCastTests.swift in Sources */ = {isa = PBXBuildFile; fileRef = 8F6718482558453C00304186 /* CotswoldCastTests.swift */; };
		8F6718692558457D00304186 /* WeatherReader.swift in Sources */ = {isa = PBXBuildFile; fileRef = 8F6718682558457D00304186 /* WeatherReader.swift */; };
		8F67188B25584E1B00304186 /* WeatherPeriod.swift in Sources */ = {isa = PBXBuildFile; fileRef = 8F67188A25584E1B00304186 /* WeatherPeriod.swift */; };
/* End PBXBuildFile section */

/* Begin PBXContainerItemProxy section */
		8F6718452558453C00304186 /* PBXContainerItemProxy */ = {
			isa = PBXContainerItemProxy;
			containerPortal = 8F67182B2558453B00304186 /* Project object */;
			proxyType = 1;
			remoteGlobalIDString = 8F6718322558453B00304186;
			remoteInfo = Brumcast;
		};
/* End PBXContainerItemProxy section */

/* Begin PBXFileReference section */
		8F6718332558453B00304186 /* CotswoldCast.app */ = {isa = PBXFileReference; explicitFileType = wrapper.application; includeInIndex = 0; path = CotswoldCast.app; sourceTree = BUILT_PRODUCTS_DIR; };
		8F6718362558453B00304186 /* CotswoldCastApp.swift */ = {isa = PBXFileReference; lastKnownFileType = sourcecode.swift; path = CotswoldCastApp.swift; sourceTree = "<group>"; };
		8F6718382558453B00304186 /* ContentView.swift */ = {isa = PBXFileReference; lastKnownFileType = sourcecode.swift; path = ContentView.swift; sourceTree = "<group>"; };
		8F67183A2558453C00304186 /* Assets.xcassets */ = {isa = PBXFileReference; lastKnownFileType = folder.assetcatalog; path = Assets.xcassets; sourceTree = "<group>"; };
		8F67183D2558453C00304186 /* Preview Assets.xcassets */ = {isa = PBXFileReference; lastKnownFileType = folder.assetcatalog; path = "Preview Assets.xcassets"; sourceTree = "<group>"; };
		8F67183F2558453C00304186 /* Info.plist */ = {isa = PBXFileReference; lastKnownFileType = text.plist.xml; path = Info.plist; sourceTree = "<group>"; };
		8F6718442558453C00304186 /* CotswoldCastTests.xctest */ = {isa = PBXFileReference; explicitFileType = wrapper.cfbundle; includeInIndex = 0; path = CotswoldCastTests.xctest; sourceTree = BUILT_PRODUCTS_DIR; };
		8F6718482558453C00304186 /* CotswoldCastTests.swift */ = {isa = PBXFileReference; lastKnownFileType = sourcecode.swift; path = CotswoldCastTests.swift; sourceTree = "<group>"; };
		8F67184A2558453C00304186 /* Info.plist */ = {isa = PBXFileReference; lastKnownFileType = text.plist.xml; path = Info.plist; sourceTree = "<group>"; };
		8F6718682558457D00304186 /* WeatherReader.swift */ = {isa = PBXFileReference; lastKnownFileType = sourcecode.swift; path = WeatherReader.swift; sourceTree = "<group>"; };
		8F6718892558486800304186 /* README.md */ = {isa = PBXFileReference; lastKnownFileType = net.daringfireball.markdown; path = README.md; sourceTree = "<group>"; };
		8F67188A25584E1B00304186 /* WeatherPeriod.swift */ = {isa = PBXFileReference; lastKnownFileType = sourcecode.swift; path = WeatherPeriod.swift; sourceTree = "<group>"; };
/* End PBXFileReference section */

/* Begin PBXFrameworksBuildPhase section */
		8F6718302558453B00304186 /* Frameworks */ = {
			isa = PBXFrameworksBuildPhase;
			buildActionMask = 2147483647;
			files = (
			);
			runOnlyForDeploymentPostprocessing = 0;
		};
		8F6718412558453C00304186 /* Frameworks */ = {
			isa = PBXFrameworksBuildPhase;
			buildActionMask = 2147483647;
			files = (
			);
			runOnlyForDeploymentPostprocessing = 0;
		};
/* End PBXFrameworksBuildPhase section */

/* Begin PBXGroup section */
		8F67182A2558453B00304186 = {
			isa = PBXGroup;
			children = (
				8F6718352558453B00304186 /* CotswoldCast */,
				8F6718472558453C00304186 /* CotswoldCastTests */,
				8F6718342558453B00304186 /* Products */,
			);
			sourceTree = "<group>";
		};
		8F6718342558453B00304186 /* Products */ = {
			isa = PBXGroup;
			children = (
				8F6718332558453B00304186 /* CotswoldCast.app */,
				8F6718442558453C00304186 /* CotswoldCastTests.xctest */,
			);
			name = Products;
			sourceTree = "<group>";
		};
		8F6718352558453B00304186 /* CotswoldCast */ = {
			isa = PBXGroup;
			children = (
				8F6718642558454B00304186 /* non UI */,
				8F6718362558453B00304186 /* CotswoldCastApp.swift */,
				8F6718382558453B00304186 /* ContentView.swift */,
				8F67183A2558453C00304186 /* Assets.xcassets */,
				8F67183F2558453C00304186 /* Info.plist */,
				8F67183C2558453C00304186 /* Preview Content */,
				8F6718892558486800304186 /* README.md */,
			);
			path = CotswoldCast;
			sourceTree = "<group>";
		};
		8F67183C2558453C00304186 /* Preview Content */ = {
			isa = PBXGroup;
			children = (
				8F67183D2558453C00304186 /* Preview Assets.xcassets */,
			);
			path = "Preview Content";
			sourceTree = "<group>";
		};
		8F6718472558453C00304186 /* CotswoldCastTests */ = {
			isa = PBXGroup;
			children = (
				8F6718482558453C00304186 /* CotswoldCastTests.swift */,
				8F67184A2558453C00304186 /* Info.plist */,
			);
			path = CotswoldCastTests;
			sourceTree = "<group>";
		};
		8F6718642558454B00304186 /* non UI */ = {
			isa = PBXGroup;
			children = (
				8F6718682558457D00304186 /* WeatherReader.swift */,
				8F67188A25584E1B00304186 /* WeatherPeriod.swift */,
			);
			path = "non UI";
			sourceTree = "<group>";
		};
/* End PBXGroup section */

/* Begin PBXNativeTarget section */
		8F6718322558453B00304186 /* CotswoldCast */ = {
			isa = PBXNativeTarget;
			buildConfigurationList = 8F6718582558453C00304186 /* Build configuration list for PBXNativeTarget "CotswoldCast" */;
			buildPhases = (
				8F67182F2558453B00304186 /* Sources */,
				8F6718302558453B00304186 /* Frameworks */,
				8F6718312558453B00304186 /* Resources */,
			);
			buildRules = (
			);
			dependencies = (
			);
			name = CotswoldCast;
			productName = Brumcast;
			productReference = 8F6718332558453B00304186 /* CotswoldCast.app */;
			productType = "com.apple.product-type.application";
		};
		8F6718432558453C00304186 /* CotswoldCastTests */ = {
			isa = PBXNativeTarget;
			buildConfigurationList = 8F67185B2558453C00304186 /* Build configuration list for PBXNativeTarget "CotswoldCastTests" */;
			buildPhases = (
				8F6718402558453C00304186 /* Sources */,
				8F6718412558453C00304186 /* Frameworks */,
				8F6718422558453C00304186 /* Resources */,
			);
			buildRules = (
			);
			dependencies = (
				8F6718462558453C00304186 /* PBXTargetDependency */,
			);
			name = CotswoldCastTests;
			productName = BrumcastTests;
			productReference = 8F6718442558453C00304186 /* CotswoldCastTests.xctest */;
			productType = "com.apple.product-type.bundle.unit-test";
		};
/* End PBXNativeTarget section */

/* Begin PBXProject section */
		8F67182B2558453B00304186 /* Project object */ = {
			isa = PBXProject;
			attributes = {
				LastSwiftUpdateCheck = 1200;
				LastUpgradeCheck = 1200;
				TargetAttributes = {
					8F6718322558453B00304186 = {
						CreatedOnToolsVersion = 12.0.1;
					};
					8F6718432558453C00304186 = {
						CreatedOnToolsVersion = 12.0.1;
						TestTargetID = 8F6718322558453B00304186;
					};
				};
			};
			buildConfigurationList = 8F67182E2558453B00304186 /* Build configuration list for PBXProject "CotswoldCast" */;
			compatibilityVersion = "Xcode 9.3";
			developmentRegion = en;
			hasScannedForEncodings = 0;
			knownRegions = (
				en,
				Base,
			);
			mainGroup = 8F67182A2558453B00304186;
			productRefGroup = 8F6718342558453B00304186 /* Products */;
			projectDirPath = "";
			projectRoot = "";
			targets = (
				8F6718322558453B00304186 /* CotswoldCast */,
				8F6718432558453C00304186 /* CotswoldCastTests */,
			);
		};
/* End PBXProject section */

/* Begin PBXResourcesBuildPhase section */
		8F6718312558453B00304186 /* Resources */ = {
			isa = PBXResourcesBuildPhase;
			buildActionMask = 2147483647;
			files = (
				8F67183E2558453C00304186 /* Preview Assets.xcassets in Resources */,
				8F67183B2558453C00304186 /* Assets.xcassets in Resources */,
			);
			runOnlyForDeploymentPostprocessing = 0;
		};
		8F6718422558453C00304186 /* Resources */ = {
			isa = PBXResourcesBuildPhase;
			buildActionMask = 2147483647;
			files = (
			);
			runOnlyForDeploymentPostprocessing = 0;
		};
/* End PBXResourcesBuildPhase section */

/* Begin PBXSourcesBuildPhase section */
		8F67182F2558453B00304186 /* Sources */ = {
			isa = PBXSourcesBuildPhase;
			buildActionMask = 2147483647;
			files = (
				8F6718692558457D00304186 /* WeatherReader.swift in Sources */,
				8F67188B25584E1B00304186 /* WeatherPeriod.swift in Sources */,
				8F6718392558453B00304186 /* ContentView.swift in Sources */,
				8F6718372558453B00304186 /* CotswoldCastApp.swift in Sources */,
			);
			runOnlyForDeploymentPostprocessing = 0;
		};
		8F6718402558453C00304186 /* Sources */ = {
			isa = PBXSourcesBuildPhase;
			buildActionMask = 2147483647;
			files = (
				8F6718492558453C00304186 /* CotswoldCastTests.swift in Sources */,
			);
			runOnlyForDeploymentPostprocessing = 0;
		};
/* End PBXSourcesBuildPhase section */

/* Begin PBXTargetDependency section */
		8F6718462558453C00304186 /* PBXTargetDependency */ = {
			isa = PBXTargetDependency;
			target = 8F6718322558453B00304186 /* CotswoldCast */;
			targetProxy = 8F6718452558453C00304186 /* PBXContainerItemProxy */;
		};
/* End PBXTargetDependency section */

/* Begin XCBuildConfiguration section */
		8F6718562558453C00304186 /* Debug */ = {
			isa = XCBuildConfiguration;
			buildSettings = {
				ALWAYS_SEARCH_USER_PATHS = NO;
				CLANG_ANALYZER_NONNULL = YES;
				CLANG_ANALYZER_NUMBER_OBJECT_CONVERSION = YES_AGGRESSIVE;
				CLANG_CXX_LANGUAGE_STANDARD = "gnu++14";
				CLANG_CXX_LIBRARY = "libc++";
				CLANG_ENABLE_MODULES = YES;
				CLANG_ENABLE_OBJC_ARC = YES;
				CLANG_ENABLE_OBJC_WEAK = YES;
				CLANG_WARN_BLOCK_CAPTURE_AUTORELEASING = YES;
				CLANG_WARN_BOOL_CONVERSION = YES;
				CLANG_WARN_COMMA = YES;
				CLANG_WARN_CONSTANT_CONVERSION = YES;
				CLANG_WARN_DEPRECATED_OBJC_IMPLEMENTATIONS = YES;
				CLANG_WARN_DIRECT_OBJC_ISA_USAGE = YES_ERROR;
				CLANG_WARN_DOCUMENTATION_COMMENTS = YES;
				CLANG_WARN_EMPTY_BODY = YES;
				CLANG_WARN_ENUM_CONVERSION = YES;
				CLANG_WARN_INFINITE_RECURSION = YES;
				CLANG_WARN_INT_CONVERSION = YES;
				CLANG_WARN_NON_LITERAL_NULL_CONVERSION = YES;
				CLANG_WARN_OBJC_IMPLICIT_RETAIN_SELF = YES;
				CLANG_WARN_OBJC_LITERAL_CONVERSION = YES;
				CLANG_WARN_OBJC_ROOT_CLASS = YES_ERROR;
				CLANG_WARN_QUOTED_INCLUDE_IN_FRAMEWORK_HEADER = YES;
				CLANG_WARN_RANGE_LOOP_ANALYSIS = YES;
				CLANG_WARN_STRICT_PROTOTYPES = YES;
				CLANG_WARN_SUSPICIOUS_MOVE = YES;
				CLANG_WARN_UNGUARDED_AVAILABILITY = YES_AGGRESSIVE;
				CLANG_WARN_UNREACHABLE_CODE = YES;
				CLANG_WARN__DUPLICATE_METHOD_MATCH = YES;
				COPY_PHASE_STRIP = NO;
				DEBUG_INFORMATION_FORMAT = dwarf;
				ENABLE_STRICT_OBJC_MSGSEND = YES;
				ENABLE_TESTABILITY = YES;
				GCC_C_LANGUAGE_STANDARD = gnu11;
				GCC_DYNAMIC_NO_PIC = NO;
				GCC_NO_COMMON_BLOCKS = YES;
				GCC_OPTIMIZATION_LEVEL = 0;
				GCC_PREPROCESSOR_DEFINITIONS = (
					"DEBUG=1",
					"$(inherited)",
				);
				GCC_WARN_64_TO_32_BIT_CONVERSION = YES;
				GCC_WARN_ABOUT_RETURN_TYPE = YES_ERROR;
				GCC_WARN_UNDECLARED_SELECTOR = YES;
				GCC_WARN_UNINITIALIZED_AUTOS = YES_AGGRESSIVE;
				GCC_WARN_UNUSED_FUNCTION = YES;
				GCC_WARN_UNUSED_VARIABLE = YES;
				IPHONEOS_DEPLOYMENT_TARGET = 14.0;
				MTL_ENABLE_DEBUG_INFO = INCLUDE_SOURCE;
				MTL_FAST_MATH = YES;
				ONLY_ACTIVE_ARCH = YES;
				SDKROOT = iphoneos;
				SWIFT_ACTIVE_COMPILATION_CONDITIONS = DEBUG;
				SWIFT_OPTIMIZATION_LEVEL = "-Onone";
			};
			name = Debug;
		};
		8F6718572558453C00304186 /* Release */ = {
			isa = XCBuildConfiguration;
			buildSettings = {
				ALWAYS_SEARCH_USER_PATHS = NO;
				CLANG_ANALYZER_NONNULL = YES;
				CLANG_ANALYZER_NUMBER_OBJECT_CONVERSION = YES_AGGRESSIVE;
				CLANG_CXX_LANGUAGE_STANDARD = "gnu++14";
				CLANG_CXX_LIBRARY = "libc++";
				CLANG_ENABLE_MODULES = YES;
				CLANG_ENABLE_OBJC_ARC = YES;
				CLANG_ENABLE_OBJC_WEAK = YES;
				CLANG_WARN_BLOCK_CAPTURE_AUTORELEASING = YES;
				CLANG_WARN_BOOL_CONVERSION = YES;
				CLANG_WARN_COMMA = YES;
				CLANG_WARN_CONSTANT_CONVERSION = YES;
				CLANG_WARN_DEPRECATED_OBJC_IMPLEMENTATIONS = YES;
				CLANG_WARN_DIRECT_OBJC_ISA_USAGE = YES_ERROR;
				CLANG_WARN_DOCUMENTATION_COMMENTS = YES;
				CLANG_WARN_EMPTY_BODY = YES;
				CLANG_WARN_ENUM_CONVERSION = YES;
				CLANG_WARN_INFINITE_RECURSION = YES;
				CLANG_WARN_INT_CONVERSION = YES;
				CLANG_WARN_NON_LITERAL_NULL_CONVERSION = YES;
				CLANG_WARN_OBJC_IMPLICIT_RETAIN_SELF = YES;
				CLANG_WARN_OBJC_LITERAL_CONVERSION = YES;
				CLANG_WARN_OBJC_ROOT_CLASS = YES_ERROR;
				CLANG_WARN_QUOTED_INCLUDE_IN_FRAMEWORK_HEADER = YES;
				CLANG_WARN_RANGE_LOOP_ANALYSIS = YES;
				CLANG_WARN_STRICT_PROTOTYPES = YES;
				CLANG_WARN_SUSPICIOUS_MOVE = YES;
				CLANG_WARN_UNGUARDED_AVAILABILITY = YES_AGGRESSIVE;
				CLANG_WARN_UNREACHABLE_CODE = YES;
				CLANG_WARN__DUPLICATE_METHOD_MATCH = YES;
				COPY_PHASE_STRIP = NO;
				DEBUG_INFORMATION_FORMAT = "dwarf-with-dsym";
				ENABLE_NS_ASSERTIONS = NO;
				ENABLE_STRICT_OBJC_MSGSEND = YES;
				GCC_C_LANGUAGE_STANDARD = gnu11;
				GCC_NO_COMMON_BLOCKS = YES;
				GCC_WARN_64_TO_32_BIT_CONVERSION = YES;
				GCC_WARN_ABOUT_RETURN_TYPE = YES_ERROR;
				GCC_WARN_UNDECLARED_SELECTOR = YES;
				GCC_WARN_UNINITIALIZED_AUTOS = YES_AGGRESSIVE;
				GCC_WARN_UNUSED_FUNCTION = YES;
				GCC_WARN_UNUSED_VARIABLE = YES;
				IPHONEOS_DEPLOYMENT_TARGET = 14.0;
				MTL_ENABLE_DEBUG_INFO = NO;
				MTL_FAST_MATH = YES;
				SDKROOT = iphoneos;
				SWIFT_COMPILATION_MODE = wholemodule;
				SWIFT_OPTIMIZATION_LEVEL = "-O";
				VALIDATE_PRODUCT = YES;
			};
			name = Release;
		};
		8F6718592558453C00304186 /* Debug */ = {
			isa = XCBuildConfiguration;
			buildSettings = {
				ASSETCATALOG_COMPILER_APPICON_NAME = AppIcon;
				ASSETCATALOG_COMPILER_GLOBAL_ACCENT_COLOR_NAME = AccentColor;
				CODE_SIGN_STYLE = Automatic;
				DEVELOPMENT_ASSET_PATHS = "\"CotswoldCast/Preview Content\"";
				DEVELOPMENT_TEAM = SWDC5K54B7;
				ENABLE_PREVIEWS = YES;
				INFOPLIST_FILE = CotswoldCast/Info.plist;
				IPHONEOS_DEPLOYMENT_TARGET = 14.0;
				LD_RUNPATH_SEARCH_PATHS = (
					"$(inherited)",
					"@executable_path/Frameworks",
				);
				PRODUCT_BUNDLE_IDENTIFIER = com.petosoft.CotswoldCast;
				PRODUCT_NAME = "$(TARGET_NAME)";
				SWIFT_VERSION = 5.0;
				TARGETED_DEVICE_FAMILY = "1,2";
			};
			name = Debug;
		};
		8F67185A2558453C00304186 /* Release */ = {
			isa = XCBuildConfiguration;
			buildSettings = {
				ASSETCATALOG_COMPILER_APPICON_NAME = AppIcon;
				ASSETCATALOG_COMPILER_GLOBAL_ACCENT_COLOR_NAME = AccentColor;
				CODE_SIGN_STYLE = Automatic;
				DEVELOPMENT_ASSET_PATHS = "\"CotswoldCast/Preview Content\"";
				DEVELOPMENT_TEAM = SWDC5K54B7;
				ENABLE_PREVIEWS = YES;
				INFOPLIST_FILE = CotswoldCast/Info.plist;
				IPHONEOS_DEPLOYMENT_TARGET = 14.0;
				LD_RUNPATH_SEARCH_PATHS = (
					"$(inherited)",
					"@executable_path/Frameworks",
				);
				PRODUCT_BUNDLE_IDENTIFIER = com.petosoft.CotswoldCast;
				PRODUCT_NAME = "$(TARGET_NAME)";
				SWIFT_VERSION = 5.0;
				TARGETED_DEVICE_FAMILY = "1,2";
			};
			name = Release;
		};
		8F67185C2558453C00304186 /* Debug */ = {
			isa = XCBuildConfiguration;
			buildSettings = {
				ALWAYS_EMBED_SWIFT_STANDARD_LIBRARIES = YES;
				BUNDLE_LOADER = "$(TEST_HOST)";
				CODE_SIGN_STYLE = Automatic;
				DEVELOPMENT_TEAM = SWDC5K54B7;
				INFOPLIST_FILE = CotswoldCastTests/Info.plist;
				IPHONEOS_DEPLOYMENT_TARGET = 14.0;
				LD_RUNPATH_SEARCH_PATHS = (
					"$(inherited)",
					"@executable_path/Frameworks",
					"@loader_path/Frameworks",
				);
				PRODUCT_BUNDLE_IDENTIFIER = com.petosoft.CotswoldCastTests;
				PRODUCT_NAME = "$(TARGET_NAME)";
				SWIFT_VERSION = 5.0;
				TARGETED_DEVICE_FAMILY = "1,2";
				TEST_HOST = "$(BUILT_PRODUCTS_DIR)/CotswoldCast.app/CotswoldCast";
			};
			name = Debug;
		};
		8F67185D2558453C00304186 /* Release */ = {
			isa = XCBuildConfiguration;
			buildSettings = {
				ALWAYS_EMBED_SWIFT_STANDARD_LIBRARIES = YES;
				BUNDLE_LOADER = "$(TEST_HOST)";
				CODE_SIGN_STYLE = Automatic;
				DEVELOPMENT_TEAM = SWDC5K54B7;
				INFOPLIST_FILE = CotswoldCastTests/Info.plist;
				IPHONEOS_DEPLOYMENT_TARGET = 14.0;
				LD_RUNPATH_SEARCH_PATHS = (
					"$(inherited)",
					"@executable_path/Frameworks",
					"@loader_path/Frameworks",
				);
				PRODUCT_BUNDLE_IDENTIFIER = com.petosoft.CotswoldCastTests;
				PRODUCT_NAME = "$(TARGET_NAME)";
				SWIFT_VERSION = 5.0;
				TARGETED_DEVICE_FAMILY = "1,2";
				TEST_HOST = "$(BUILT_PRODUCTS_DIR)/CotswoldCast.app/CotswoldCast";
			};
			name = Release;
		};
/* End XCBuildConfiguration section */

/* Begin XCConfigurationList section */
		8F67182E2558453B00304186 /* Build configuration list for PBXProject "CotswoldCast" */ = {
			isa = XCConfigurationList;
			buildConfigurations = (
				8F6718562558453C00304186 /* Debug */,
				8F6718572558453C00304186 /* Release */,
			);
			defaultConfigurationIsVisible = 0;
			defaultConfigurationName = Release;
		};
		8F6718582558453C00304186 /* Build configuration list for PBXNativeTarget "CotswoldCast" */ = {
			isa = XCConfigurationList;
			buildConfigurations = (
				8F6718592558453C00304186 /* Debug */,
				8F67185A2558453C00304186 /* Release */,
			);
			defaultConfigurationIsVisible = 0;
			defaultConfigurationName = Release;
		};
		8F67185B2558453C00304186 /* Build configuration list for PBXNativeTarget "CotswoldCastTests" */ = {
			isa = XCConfigurationList;
			buildConfigurations = (
				8F67185C2558453C00304186 /* Debug */,
				8F67185D2558453C00304186 /* Release */,
			);
			defaultConfigurationIsVisible = 0;
			defaultConfigurationName = Release;
		};
/* End XCConfigurationList section */
	};
	rootObject = 8F67182B2558453B00304186 /* Project object */;
}
